
Microsoft Visual Studio Solution File, Format Version 12.00
# Visual Studio Version 17
VisualStudioVersion = 17.5.33502.453
MinimumVisualStudioVersion = 10.0.40219.1
Project("{FAE04EC0-301F-11D3-BF4B-00C04F79EFBC}") = "addressbook_tests_autoit", "addressbook_tests_autoit\addressbook_tests_autoit.csproj", "{A758D398-D25F-4668-962D-223698BFF5AA}"
EndProject
Global
	GlobalSection(SolutionConfigurationPlatforms) = preSolution
		Debug|Any CPU = Debug|Any CPU
		Release|Any CPU = Release|Any CPU
	EndGlobalSection
	GlobalSection(ProjectConfigurationPlatforms) = postSolution
		{A758D398-D25F-4668-962D-223698BFF5AA}.Debug|Any CPU.ActiveCfg = Debug|Any CPU
		{A758D398-D25F-4668-962D-223698BFF5AA}.Debug|Any CPU.Build.0 = Debug|Any CPU
		{A758D398-D25F-4668-962D-223698BFF5AA}.Release|Any CPU.ActiveCfg = Release|Any CPU
		{A758D398-D25F-4668-962D-223698BFF5AA}.Release|Any CPU.Build.0 = Release|Any CPU
	EndGlobalSection
	GlobalSection(SolutionProperties) = preSolution
		HideSolutionNode = FALSE
	EndGlobalSection
	GlobalSection(ExtensibilityGlobals) = postSolution
		SolutionGuid = {EA0FD0B8-1CDE-416B-A6A4-E1E8098B11A4}
	EndGlobalSection
EndGlobal
